
Microsoft Visual Studio Solution File, Format Version 12.00
# Visual Studio Version 17
VisualStudioVersion = 17.4.33103.184
MinimumVisualStudioVersion = 10.0.40219.1
Project("{9A19103F-16F7-4668-BE54-9A1E7A4F7556}") = "Heardit", "Heardit\Heardit.csproj", "{E71FA9B9-4D29-4095-83D1-A25D989A7EEB}"
EndProject
Global
	GlobalSection(SolutionConfigurationPlatforms) = preSolution
		Debug|Any CPU = Debug|Any CPU
		Release|Any CPU = Release|Any CPU
	EndGlobalSection
	GlobalSection(ProjectConfigurationPlatforms) = postSolution
		{E71FA9B9-4D29-4095-83D1-A25D989A7EEB}.Debug|Any CPU.ActiveCfg = Debug|Any CPU
		{E71FA9B9-4D29-4095-83D1-A25D989A7EEB}.Debug|Any CPU.Build.0 = Debug|Any CPU
		{E71FA9B9-4D29-4095-83D1-A25D989A7EEB}.Release|Any CPU.ActiveCfg = Release|Any CPU
		{E71FA9B9-4D29-4095-83D1-A25D989A7EEB}.Release|Any CPU.Build.0 = Release|Any CPU
	EndGlobalSection
	GlobalSection(SolutionProperties) = preSolution
		HideSolutionNode = FALSE
	EndGlobalSection
	GlobalSection(ExtensibilityGlobals) = postSolution
		SolutionGuid = {CA44A064-B875-4DF5-9165-43CC8E1E34DC}
	EndGlobalSection
EndGlobal
